
Microsoft Visual Studio Solution File, Format Version 12.00
# Visual Studio 15
VisualStudioVersion = 15.0.26124.0
MinimumVisualStudioVersion = 15.0.26124.0
Project("{FAE04EC0-301F-11D3-BF4B-00C04F79EFBC}") = "Palindrome.Client", "Palindrome.Client\Palindrome.Client.csproj", "{BB249ACA-F06A-47DF-B4F8-ED96A9355CC6}"
EndProject
Project("{FAE04EC0-301F-11D3-BF4B-00C04F79EFBC}") = "Palindrome.Domain", "Palindrome.Domain\Palindrome.Domain.csproj", "{EB80E557-9697-4B5C-8848-89D4A4A062EC}"
EndProject
Project("{FAE04EC0-301F-11D3-BF4B-00C04F79EFBC}") = "Palindrome.Testing", "Palindrome.Testing\Palindrome.Testing.csproj", "{A68C408A-9FD5-468A-A5FE-CCBB17550389}"
EndProject
Global
	GlobalSection(SolutionConfigurationPlatforms) = preSolution
		Debug|Any CPU = Debug|Any CPU
		Debug|x64 = Debug|x64
		Debug|x86 = Debug|x86
		Release|Any CPU = Release|Any CPU
		Release|x64 = Release|x64
		Release|x86 = Release|x86
	EndGlobalSection
	GlobalSection(SolutionProperties) = preSolution
		HideSolutionNode = FALSE
	EndGlobalSection
	GlobalSection(ProjectConfigurationPlatforms) = postSolution
		{BB249ACA-F06A-47DF-B4F8-ED96A9355CC6}.Debug|Any CPU.ActiveCfg = Debug|Any CPU
		{BB249ACA-F06A-47DF-B4F8-ED96A9355CC6}.Debug|Any CPU.Build.0 = Debug|Any CPU
		{BB249ACA-F06A-47DF-B4F8-ED96A9355CC6}.Debug|x64.ActiveCfg = Debug|Any CPU
		{BB249ACA-F06A-47DF-B4F8-ED96A9355CC6}.Debug|x64.Build.0 = Debug|Any CPU
		{BB249ACA-F06A-47DF-B4F8-ED96A9355CC6}.Debug|x86.ActiveCfg = Debug|Any CPU
		{BB249ACA-F06A-47DF-B4F8-ED96A9355CC6}.Debug|x86.Build.0 = Debug|Any CPU
		{BB249ACA-F06A-47DF-B4F8-ED96A9355CC6}.Release|Any CPU.ActiveCfg = Release|Any CPU
		{BB249ACA-F06A-47DF-B4F8-ED96A9355CC6}.Release|Any CPU.Build.0 = Release|Any CPU
		{BB249ACA-F06A-47DF-B4F8-ED96A9355CC6}.Release|x64.ActiveCfg = Release|Any CPU
		{BB249ACA-F06A-47DF-B4F8-ED96A9355CC6}.Release|x64.Build.0 = Release|Any CPU
		{BB249ACA-F06A-47DF-B4F8-ED96A9355CC6}.Release|x86.ActiveCfg = Release|Any CPU
		{BB249ACA-F06A-47DF-B4F8-ED96A9355CC6}.Release|x86.Build.0 = Release|Any CPU
		{EB80E557-9697-4B5C-8848-89D4A4A062EC}.Debug|Any CPU.ActiveCfg = Debug|Any CPU
		{EB80E557-9697-4B5C-8848-89D4A4A062EC}.Debug|Any CPU.Build.0 = Debug|Any CPU
		{EB80E557-9697-4B5C-8848-89D4A4A062EC}.Debug|x64.ActiveCfg = Debug|Any CPU
		{EB80E557-9697-4B5C-8848-89D4A4A062EC}.Debug|x64.Build.0 = Debug|Any CPU
		{EB80E557-9697-4B5C-8848-89D4A4A062EC}.Debug|x86.ActiveCfg = Debug|Any CPU
		{EB80E557-9697-4B5C-8848-89D4A4A062EC}.Debug|x86.Build.0 = Debug|Any CPU
		{EB80E557-9697-4B5C-8848-89D4A4A062EC}.Release|Any CPU.ActiveCfg = Release|Any CPU
		{EB80E557-9697-4B5C-8848-89D4A4A062EC}.Release|Any CPU.Build.0 = Release|Any CPU
		{EB80E557-9697-4B5C-8848-89D4A4A062EC}.Release|x64.ActiveCfg = Release|Any CPU
		{EB80E557-9697-4B5C-8848-89D4A4A062EC}.Release|x64.Build.0 = Release|Any CPU
		{EB80E557-9697-4B5C-8848-89D4A4A062EC}.Release|x86.ActiveCfg = Release|Any CPU
		{EB80E557-9697-4B5C-8848-89D4A4A062EC}.Release|x86.Build.0 = Release|Any CPU
		{A68C408A-9FD5-468A-A5FE-CCBB17550389}.Debug|Any CPU.ActiveCfg = Debug|Any CPU
		{A68C408A-9FD5-468A-A5FE-CCBB17550389}.Debug|Any CPU.Build.0 = Debug|Any CPU
		{A68C408A-9FD5-468A-A5FE-CCBB17550389}.Debug|x64.ActiveCfg = Debug|Any CPU
		{A68C408A-9FD5-468A-A5FE-CCBB17550389}.Debug|x64.Build.0 = Debug|Any CPU
		{A68C408A-9FD5-468A-A5FE-CCBB17550389}.Debug|x86.ActiveCfg = Debug|Any CPU
		{A68C408A-9FD5-468A-A5FE-CCBB17550389}.Debug|x86.Build.0 = Debug|Any CPU
		{A68C408A-9FD5-468A-A5FE-CCBB17550389}.Release|Any CPU.ActiveCfg = Release|Any CPU
		{A68C408A-9FD5-468A-A5FE-CCBB17550389}.Release|Any CPU.Build.0 = Release|Any CPU
		{A68C408A-9FD5-468A-A5FE-CCBB17550389}.Release|x64.ActiveCfg = Release|Any CPU
		{A68C408A-9FD5-468A-A5FE-CCBB17550389}.Release|x64.Build.0 = Release|Any CPU
		{A68C408A-9FD5-468A-A5FE-CCBB17550389}.Release|x86.ActiveCfg = Release|Any CPU
		{A68C408A-9FD5-468A-A5FE-CCBB17550389}.Release|x86.Build.0 = Release|Any CPU
	EndGlobalSection
EndGlobal
